
Microsoft Visual Studio Solution File, Format Version 12.00
# Visual Studio Version 17
VisualStudioVersion = 17.11.35312.102
MinimumVisualStudioVersion = 10.0.40219.1
Project("{FAE04EC0-301F-11D3-BF4B-00C04F79EFBC}") = "Eniwnuj", "Eniwnuj.csproj", "{4111D533-9FB6-4559-8524-5816CC1F2A03}"
EndProject
Global
	GlobalSection(SolutionConfigurationPlatforms) = preSolution
		Debug|Any CPU = Debug|Any CPU
		Release|Any CPU = Release|Any CPU
	EndGlobalSection
	GlobalSection(ProjectConfigurationPlatforms) = postSolution
		{4111D533-9FB6-4559-8524-5816CC1F2A03}.Debug|Any CPU.ActiveCfg = Debug|Any CPU
		{4111D533-9FB6-4559-8524-5816CC1F2A03}.Debug|Any CPU.Build.0 = Debug|Any CPU
		{4111D533-9FB6-4559-8524-5816CC1F2A03}.Release|Any CPU.ActiveCfg = Release|Any CPU
		{4111D533-9FB6-4559-8524-5816CC1F2A03}.Release|Any CPU.Build.0 = Release|Any CPU
	EndGlobalSection
	GlobalSection(SolutionProperties) = preSolution
		HideSolutionNode = FALSE
	EndGlobalSection
	GlobalSection(ExtensibilityGlobals) = postSolution
		SolutionGuid = {C58718D1-20C7-4E74-A353-8B0B276AE021}
	EndGlobalSection
EndGlobal
